// !$*UTF8*$!
{
	archiveVersion = 1;
	classes = {
	};
	objectVersion = 46;
	objects = {

/* Begin PBXBuildFile section */
		712D79F21CB76EEF002D03C7 /* Comment.swift in Sources */ = {isa = PBXBuildFile; fileRef = 712D79EC1CB76EEF002D03C7 /* Comment.swift */; };
		712D79F31CB76EEF002D03C7 /* Comment+CoreDataProperties.swift in Sources */ = {isa = PBXBuildFile; fileRef = 712D79ED1CB76EEF002D03C7 /* Comment+CoreDataProperties.swift */; };
		712D79F41CB76EEF002D03C7 /* Image.swift in Sources */ = {isa = PBXBuildFile; fileRef = 712D79EE1CB76EEF002D03C7 /* Image.swift */; };
		712D79F51CB76EEF002D03C7 /* Image+CoreDataProperties.swift in Sources */ = {isa = PBXBuildFile; fileRef = 712D79EF1CB76EEF002D03C7 /* Image+CoreDataProperties.swift */; };
		712D79F61CB76EEF002D03C7 /* User.swift in Sources */ = {isa = PBXBuildFile; fileRef = 712D79F01CB76EEF002D03C7 /* User.swift */; };
		712D79F71CB76EEF002D03C7 /* User+CoreDataProperties.swift in Sources */ = {isa = PBXBuildFile; fileRef = 712D79F11CB76EEF002D03C7 /* User+CoreDataProperties.swift */; };
		7C2BB9D21CBC42EF00E21E94 /* CommentVC.swift in Sources */ = {isa = PBXBuildFile; fileRef = 7C2BB9D11CBC42EF00E21E94 /* CommentVC.swift */; };
		7C2E87811CB7032F0056FF31 /* AppDelegate.swift in Sources */ = {isa = PBXBuildFile; fileRef = 7C2E87801CB7032F0056FF31 /* AppDelegate.swift */; };
		7C2E87861CB7032F0056FF31 /* Main.storyboard in Resources */ = {isa = PBXBuildFile; fileRef = 7C2E87841CB7032F0056FF31 /* Main.storyboard */; };
		7C2E87891CB7032F0056FF31 /* PhotogramSwift.xcdatamodeld in Sources */ = {isa = PBXBuildFile; fileRef = 7C2E87871CB7032F0056FF31 /* PhotogramSwift.xcdatamodeld */; };
		7C2E878B1CB7032F0056FF31 /* Assets.xcassets in Resources */ = {isa = PBXBuildFile; fileRef = 7C2E878A1CB7032F0056FF31 /* Assets.xcassets */; };
		7C2E878E1CB7032F0056FF31 /* LaunchScreen.storyboard in Resources */ = {isa = PBXBuildFile; fileRef = 7C2E878C1CB7032F0056FF31 /* LaunchScreen.storyboard */; };
		7C2E87961CB70B620056FF31 /* MainFeedVC.swift in Sources */ = {isa = PBXBuildFile; fileRef = 7C2E87951CB70B620056FF31 /* MainFeedVC.swift */; };
		7C2E87981CB70FDA0056FF31 /* David.storyboard in Resources */ = {isa = PBXBuildFile; fileRef = 7C2E87971CB70FDA0056FF31 /* David.storyboard */; };
		7C2E879E1CB710380056FF31 /* Atousa.storyboard in Resources */ = {isa = PBXBuildFile; fileRef = 7C2E879C1CB710380056FF31 /* Atousa.storyboard */; };
		7C2E87A01CB718BA0056FF31 /* TestObject.swift in Sources */ = {isa = PBXBuildFile; fileRef = 7C2E879F1CB718BA0056FF31 /* TestObject.swift */; };
		7C2E87A21CB71AB40056FF31 /* FeedTableViewCell.swift in Sources */ = {isa = PBXBuildFile; fileRef = 7C2E87A11CB71AB40056FF31 /* FeedTableViewCell.swift */; };
/* End PBXBuildFile section */

/* Begin PBXFileReference section */
		712D79EC1CB76EEF002D03C7 /* Comment.swift */ = {isa = PBXFileReference; fileEncoding = 4; lastKnownFileType = sourcecode.swift; name = Comment.swift; path = ../Comment.swift; sourceTree = "<group>"; };
		712D79ED1CB76EEF002D03C7 /* Comment+CoreDataProperties.swift */ = {isa = PBXFileReference; fileEncoding = 4; lastKnownFileType = sourcecode.swift; name = "Comment+CoreDataProperties.swift"; path = "../Comment+CoreDataProperties.swift"; sourceTree = "<group>"; };
		712D79EE1CB76EEF002D03C7 /* Image.swift */ = {isa = PBXFileReference; fileEncoding = 4; lastKnownFileType = sourcecode.swift; name = Image.swift; path = ../Image.swift; sourceTree = "<group>"; };
		712D79EF1CB76EEF002D03C7 /* Image+CoreDataProperties.swift */ = {isa = PBXFileReference; fileEncoding = 4; lastKnownFileType = sourcecode.swift; name = "Image+CoreDataProperties.swift"; path = "../Image+CoreDataProperties.swift"; sourceTree = "<group>"; };
		712D79F01CB76EEF002D03C7 /* User.swift */ = {isa = PBXFileReference; fileEncoding = 4; lastKnownFileType = sourcecode.swift; name = User.swift; path = ../User.swift; sourceTree = "<group>"; };
		712D79F11CB76EEF002D03C7 /* User+CoreDataProperties.swift */ = {isa = PBXFileReference; fileEncoding = 4; lastKnownFileType = sourcecode.swift; name = "User+CoreDataProperties.swift"; path = "../User+CoreDataProperties.swift"; sourceTree = "<group>"; };
		7C2BB9D11CBC42EF00E21E94 /* CommentVC.swift */ = {isa = PBXFileReference; fileEncoding = 4; lastKnownFileType = sourcecode.swift; path = CommentVC.swift; sourceTree = "<group>"; };
		7C2E877D1CB7032F0056FF31 /* PhotogramSwift.app */ = {isa = PBXFileReference; explicitFileType = wrapper.application; includeInIndex = 0; path = PhotogramSwift.app; sourceTree = BUILT_PRODUCTS_DIR; };
		7C2E87801CB7032F0056FF31 /* AppDelegate.swift */ = {isa = PBXFileReference; lastKnownFileType = sourcecode.swift; path = AppDelegate.swift; sourceTree = "<group>"; };
		7C2E87851CB7032F0056FF31 /* Base */ = {isa = PBXFileReference; lastKnownFileType = file.storyboard; name = Base; path = Base.lproj/Main.storyboard; sourceTree = "<group>"; };
		7C2E87881CB7032F0056FF31 /* PhotogramSwift.xcdatamodel */ = {isa = PBXFileReference; lastKnownFileType = wrapper.xcdatamodel; path = PhotogramSwift.xcdatamodel; sourceTree = "<group>"; };
		7C2E878A1CB7032F0056FF31 /* Assets.xcassets */ = {isa = PBXFileReference; lastKnownFileType = folder.assetcatalog; path = Assets.xcassets; sourceTree = "<group>"; };
		7C2E878D1CB7032F0056FF31 /* Base */ = {isa = PBXFileReference; lastKnownFileType = file.storyboard; name = Base; path = Base.lproj/LaunchScreen.storyboard; sourceTree = "<group>"; };
		7C2E878F1CB7032F0056FF31 /* Info.plist */ = {isa = PBXFileReference; lastKnownFileType = text.plist.xml; path = Info.plist; sourceTree = "<group>"; };
		7C2E87951CB70B620056FF31 /* MainFeedVC.swift */ = {isa = PBXFileReference; fileEncoding = 4; lastKnownFileType = sourcecode.swift; path = MainFeedVC.swift; sourceTree = "<group>"; };
		7C2E87971CB70FDA0056FF31 /* David.storyboard */ = {isa = PBXFileReference; fileEncoding = 4; lastKnownFileType = file.storyboard; name = David.storyboard; path = David/David.storyboard; sourceTree = "<group>"; };
		7C2E879D1CB710380056FF31 /* Base */ = {isa = PBXFileReference; lastKnownFileType = file.storyboard; name = Base; path = Base.lproj/Atousa.storyboard; sourceTree = "<group>"; };
		7C2E879F1CB718BA0056FF31 /* TestObject.swift */ = {isa = PBXFileReference; fileEncoding = 4; lastKnownFileType = sourcecode.swift; path = TestObject.swift; sourceTree = "<group>"; };
		7C2E87A11CB71AB40056FF31 /* FeedTableViewCell.swift */ = {isa = PBXFileReference; fileEncoding = 4; lastKnownFileType = sourcecode.swift; path = FeedTableViewCell.swift; sourceTree = "<group>"; };
/* End PBXFileReference section */

/* Begin PBXFrameworksBuildPhase section */
		7C2E877A1CB7032F0056FF31 /* Frameworks */ = {
			isa = PBXFrameworksBuildPhase;
			buildActionMask = 2147483647;
			files = (
			);
			runOnlyForDeploymentPostprocessing = 0;
		};
/* End PBXFrameworksBuildPhase section */

/* Begin PBXGroup section */
		712D79EB1CB76E57002D03C7 /* Model */ = {
			isa = PBXGroup;
			children = (
				712D79EC1CB76EEF002D03C7 /* Comment.swift */,
				712D79ED1CB76EEF002D03C7 /* Comment+CoreDataProperties.swift */,
				712D79EE1CB76EEF002D03C7 /* Image.swift */,
				712D79EF1CB76EEF002D03C7 /* Image+CoreDataProperties.swift */,
				712D79F01CB76EEF002D03C7 /* User.swift */,
				712D79F11CB76EEF002D03C7 /* User+CoreDataProperties.swift */,
				7C2E87871CB7032F0056FF31 /* PhotogramSwift.xcdatamodeld */,
			);
			name = Model;
			sourceTree = "<group>";
		};
		7C2E87741CB7032F0056FF31 = {
			isa = PBXGroup;
			children = (
				7C2E877F1CB7032F0056FF31 /* PhotogramSwift */,
				7C2E877E1CB7032F0056FF31 /* Products */,
			);
			sourceTree = "<group>";
		};
		7C2E877E1CB7032F0056FF31 /* Products */ = {
			isa = PBXGroup;
			children = (
				7C2E877D1CB7032F0056FF31 /* PhotogramSwift.app */,
			);
			name = Products;
			sourceTree = "<group>";
		};
		7C2E877F1CB7032F0056FF31 /* PhotogramSwift */ = {
			isa = PBXGroup;
			children = (
				712D79EB1CB76E57002D03C7 /* Model */,
				7C2E879B1CB7100E0056FF31 /* KevinFiles */,
				7C2E879A1CB710040056FF31 /* AtousaFiles */,
				7C2E87991CB70FFB0056FF31 /* DavidFiles */,
				7C2E87801CB7032F0056FF31 /* AppDelegate.swift */,
				7C2E878A1CB7032F0056FF31 /* Assets.xcassets */,
				7C2E878C1CB7032F0056FF31 /* LaunchScreen.storyboard */,
				7C2E878F1CB7032F0056FF31 /* Info.plist */,
			);
			path = PhotogramSwift;
			sourceTree = "<group>";
		};
		7C2E87991CB70FFB0056FF31 /* DavidFiles */ = {
			isa = PBXGroup;
			children = (
				7C2E87971CB70FDA0056FF31 /* David.storyboard */,
			);
			name = DavidFiles;
			sourceTree = "<group>";
		};
		7C2E879A1CB710040056FF31 /* AtousaFiles */ = {
			isa = PBXGroup;
			children = (
				7C2E879C1CB710380056FF31 /* Atousa.storyboard */,
			);
			name = AtousaFiles;
			sourceTree = "<group>";
		};
		7C2E879B1CB7100E0056FF31 /* KevinFiles */ = {
			isa = PBXGroup;
			children = (
				7C2E87841CB7032F0056FF31 /* Main.storyboard */,
				7C2E87951CB70B620056FF31 /* MainFeedVC.swift */,
				7C2BB9D11CBC42EF00E21E94 /* CommentVC.swift */,
				7C2E87A11CB71AB40056FF31 /* FeedTableViewCell.swift */,
				7C2E879F1CB718BA0056FF31 /* TestObject.swift */,
			);
			name = KevinFiles;
			sourceTree = "<group>";
		};
/* End PBXGroup section */

/* Begin PBXNativeTarget section */
		7C2E877C1CB7032F0056FF31 /* PhotogramSwift */ = {
			isa = PBXNativeTarget;
			buildConfigurationList = 7C2E87921CB7032F0056FF31 /* Build configuration list for PBXNativeTarget "PhotogramSwift" */;
			buildPhases = (
				7C2E87791CB7032F0056FF31 /* Sources */,
				7C2E877A1CB7032F0056FF31 /* Frameworks */,
				7C2E877B1CB7032F0056FF31 /* Resources */,
			);
			buildRules = (
			);
			dependencies = (
			);
			name = PhotogramSwift;
			productName = PhotogramSwift;
			productReference = 7C2E877D1CB7032F0056FF31 /* PhotogramSwift.app */;
			productType = "com.apple.product-type.application";
		};
/* End PBXNativeTarget section */

/* Begin PBXProject section */
		7C2E87751CB7032F0056FF31 /* Project object */ = {
			isa = PBXProject;
			attributes = {
				LastSwiftUpdateCheck = 0730;
				LastUpgradeCheck = 0730;
				ORGANIZATIONNAME = "Kevin Kim";
				TargetAttributes = {
					7C2E877C1CB7032F0056FF31 = {
						CreatedOnToolsVersion = 7.3;
						DevelopmentTeam = M52B3MQ27C;
					};
				};
			};
			buildConfigurationList = 7C2E87781CB7032F0056FF31 /* Build configuration list for PBXProject "PhotogramSwift" */;
			compatibilityVersion = "Xcode 3.2";
			developmentRegion = English;
			hasScannedForEncodings = 0;
			knownRegions = (
				en,
				Base,
			);
			mainGroup = 7C2E87741CB7032F0056FF31;
			productRefGroup = 7C2E877E1CB7032F0056FF31 /* Products */;
			projectDirPath = "";
			projectRoot = "";
			targets = (
				7C2E877C1CB7032F0056FF31 /* PhotogramSwift */,
			);
		};
/* End PBXProject section */

/* Begin PBXResourcesBuildPhase section */
		7C2E877B1CB7032F0056FF31 /* Resources */ = {
			isa = PBXResourcesBuildPhase;
			buildActionMask = 2147483647;
			files = (
				7C2E878E1CB7032F0056FF31 /* LaunchScreen.storyboard in Resources */,
				7C2E878B1CB7032F0056FF31 /* Assets.xcassets in Resources */,
				7C2E87861CB7032F0056FF31 /* Main.storyboard in Resources */,
				7C2E879E1CB710380056FF31 /* Atousa.storyboard in Resources */,
				7C2E87981CB70FDA0056FF31 /* David.storyboard in Resources */,
			);
			runOnlyForDeploymentPostprocessing = 0;
		};
/* End PBXResourcesBuildPhase section */

/* Begin PBXSourcesBuildPhase section */
		7C2E87791CB7032F0056FF31 /* Sources */ = {
			isa = PBXSourcesBuildPhase;
			buildActionMask = 2147483647;
			files = (
				712D79F51CB76EEF002D03C7 /* Image+CoreDataProperties.swift in Sources */,
				7C2E87961CB70B620056FF31 /* MainFeedVC.swift in Sources */,
				712D79F41CB76EEF002D03C7 /* Image.swift in Sources */,
				712D79F21CB76EEF002D03C7 /* Comment.swift in Sources */,
				7C2E87811CB7032F0056FF31 /* AppDelegate.swift in Sources */,
				7C2E87A01CB718BA0056FF31 /* TestObject.swift in Sources */,
				7C2BB9D21CBC42EF00E21E94 /* CommentVC.swift in Sources */,
				7C2E87891CB7032F0056FF31 /* PhotogramSwift.xcdatamodeld in Sources */,
				712D79F71CB76EEF002D03C7 /* User+CoreDataProperties.swift in Sources */,
				7C2E87A21CB71AB40056FF31 /* FeedTableViewCell.swift in Sources */,
				712D79F61CB76EEF002D03C7 /* User.swift in Sources */,
				712D79F31CB76EEF002D03C7 /* Comment+CoreDataProperties.swift in Sources */,
			);
			runOnlyForDeploymentPostprocessing = 0;
		};
/* End PBXSourcesBuildPhase section */

/* Begin PBXVariantGroup section */
		7C2E87841CB7032F0056FF31 /* Main.storyboard */ = {
			isa = PBXVariantGroup;
			children = (
				7C2E87851CB7032F0056FF31 /* Base */,
			);
			name = Main.storyboard;
			sourceTree = "<group>";
		};
		7C2E878C1CB7032F0056FF31 /* LaunchScreen.storyboard */ = {
			isa = PBXVariantGroup;
			children = (
				7C2E878D1CB7032F0056FF31 /* Base */,
			);
			name = LaunchScreen.storyboard;
			sourceTree = "<group>";
		};
		7C2E879C1CB710380056FF31 /* Atousa.storyboard */ = {
			isa = PBXVariantGroup;
			children = (
				7C2E879D1CB710380056FF31 /* Base */,
			);
			name = Atousa.storyboard;
			sourceTree = "<group>";
		};
/* End PBXVariantGroup section */

/* Begin XCBuildConfiguration section */
		7C2E87901CB7032F0056FF31 /* Debug */ = {
			isa = XCBuildConfiguration;
			buildSettings = {
				ALWAYS_SEARCH_USER_PATHS = NO;
				CLANG_ANALYZER_NONNULL = YES;
				CLANG_CXX_LANGUAGE_STANDARD = "gnu++0x";
				CLANG_CXX_LIBRARY = "libc++";
				CLANG_ENABLE_MODULES = YES;
				CLANG_ENABLE_OBJC_ARC = YES;
				CLANG_WARN_BOOL_CONVERSION = YES;
				CLANG_WARN_CONSTANT_CONVERSION = YES;
				CLANG_WARN_DIRECT_OBJC_ISA_USAGE = YES_ERROR;
				CLANG_WARN_EMPTY_BODY = YES;
				CLANG_WARN_ENUM_CONVERSION = YES;
				CLANG_WARN_INT_CONVERSION = YES;
				CLANG_WARN_OBJC_ROOT_CLASS = YES_ERROR;
				CLANG_WARN_UNREACHABLE_CODE = YES;
				CLANG_WARN__DUPLICATE_METHOD_MATCH = YES;
				"CODE_SIGN_IDENTITY[sdk=iphoneos*]" = "iPhone Developer";
				COPY_PHASE_STRIP = NO;
				DEBUG_INFORMATION_FORMAT = dwarf;
				ENABLE_STRICT_OBJC_MSGSEND = YES;
				ENABLE_TESTABILITY = YES;
				GCC_C_LANGUAGE_STANDARD = gnu99;
				GCC_DYNAMIC_NO_PIC = NO;
				GCC_NO_COMMON_BLOCKS = YES;
				GCC_OPTIMIZATION_LEVEL = 0;
				GCC_PREPROCESSOR_DEFINITIONS = (
					"DEBUG=1",
					"$(inherited)",
				);
				GCC_WARN_64_TO_32_BIT_CONVERSION = YES;
				GCC_WARN_ABOUT_RETURN_TYPE = YES_ERROR;
				GCC_WARN_UNDECLARED_SELECTOR = YES;
				GCC_WARN_UNINITIALIZED_AUTOS = YES_AGGRESSIVE;
				GCC_WARN_UNUSED_FUNCTION = YES;
				GCC_WARN_UNUSED_VARIABLE = YES;
				IPHONEOS_DEPLOYMENT_TARGET = 9.3;
				MTL_ENABLE_DEBUG_INFO = YES;
				ONLY_ACTIVE_ARCH = YES;
				SDKROOT = iphoneos;
				SWIFT_OPTIMIZATION_LEVEL = "-Onone";
			};
			name = Debug;
		};
		7C2E87911CB7032F0056FF31 /* Release */ = {
			isa = XCBuildConfiguration;
			buildSettings = {
				ALWAYS_SEARCH_USER_PATHS = NO;
				CLANG_ANALYZER_NONNULL = YES;
				CLANG_CXX_LANGUAGE_STANDARD = "gnu++0x";
				CLANG_CXX_LIBRARY = "libc++";
				CLANG_ENABLE_MODULES = YES;
				CLANG_ENABLE_OBJC_ARC = YES;
				CLANG_WARN_BOOL_CONVERSION = YES;
				CLANG_WARN_CONSTANT_CONVERSION = YES;
				CLANG_WARN_DIRECT_OBJC_ISA_USAGE = YES_ERROR;
				CLANG_WARN_EMPTY_BODY = YES;
				CLANG_WARN_ENUM_CONVERSION = YES;
				CLANG_WARN_INT_CONVERSION = YES;
				CLANG_WARN_OBJC_ROOT_CLASS = YES_ERROR;
				CLANG_WARN_UNREACHABLE_CODE = YES;
				CLANG_WARN__DUPLICATE_METHOD_MATCH = YES;
				"CODE_SIGN_IDENTITY[sdk=iphoneos*]" = "iPhone Developer";
				COPY_PHASE_STRIP = NO;
				DEBUG_INFORMATION_FORMAT = "dwarf-with-dsym";
				ENABLE_NS_ASSERTIONS = NO;
				ENABLE_STRICT_OBJC_MSGSEND = YES;
				GCC_C_LANGUAGE_STANDARD = gnu99;
				GCC_NO_COMMON_BLOCKS = YES;
				GCC_WARN_64_TO_32_BIT_CONVERSION = YES;
				GCC_WARN_ABOUT_RETURN_TYPE = YES_ERROR;
				GCC_WARN_UNDECLARED_SELECTOR = YES;
				GCC_WARN_UNINITIALIZED_AUTOS = YES_AGGRESSIVE;
				GCC_WARN_UNUSED_FUNCTION = YES;
				GCC_WARN_UNUSED_VARIABLE = YES;
				IPHONEOS_DEPLOYMENT_TARGET = 9.3;
				MTL_ENABLE_DEBUG_INFO = NO;
				SDKROOT = iphoneos;
				VALIDATE_PRODUCT = YES;
			};
			name = Release;
		};
		7C2E87931CB7032F0056FF31 /* Debug */ = {
			isa = XCBuildConfiguration;
			buildSettings = {
				ASSETCATALOG_COMPILER_APPICON_NAME = AppIcon;
				INFOPLIST_FILE = PhotogramSwift/Info.plist;
				LD_RUNPATH_SEARCH_PATHS = "$(inherited) @executable_path/Frameworks";
				PRODUCT_BUNDLE_IDENTIFIER = com.mantaone.PhotogramSwift;
				PRODUCT_NAME = "$(TARGET_NAME)";
			};
			name = Debug;
		};
		7C2E87941CB7032F0056FF31 /* Release */ = {
			isa = XCBuildConfiguration;
			buildSettings = {
				ASSETCATALOG_COMPILER_APPICON_NAME = AppIcon;
				INFOPLIST_FILE = PhotogramSwift/Info.plist;
				LD_RUNPATH_SEARCH_PATHS = "$(inherited) @executable_path/Frameworks";
				PRODUCT_BUNDLE_IDENTIFIER = com.mantaone.PhotogramSwift;
				PRODUCT_NAME = "$(TARGET_NAME)";
			};
			name = Release;
		};
/* End XCBuildConfiguration section */

/* Begin XCConfigurationList section */
		7C2E87781CB7032F0056FF31 /* Build configuration list for PBXProject "PhotogramSwift" */ = {
			isa = XCConfigurationList;
			buildConfigurations = (
				7C2E87901CB7032F0056FF31 /* Debug */,
				7C2E87911CB7032F0056FF31 /* Release */,
			);
			defaultConfigurationIsVisible = 0;
			defaultConfigurationName = Release;
		};
		7C2E87921CB7032F0056FF31 /* Build configuration list for PBXNativeTarget "PhotogramSwift" */ = {
			isa = XCConfigurationList;
			buildConfigurations = (
				7C2E87931CB7032F0056FF31 /* Debug */,
				7C2E87941CB7032F0056FF31 /* Release */,
			);
			defaultConfigurationIsVisible = 0;
			defaultConfigurationName = Release;
		};
/* End XCConfigurationList section */

/* Begin XCVersionGroup section */
		7C2E87871CB7032F0056FF31 /* PhotogramSwift.xcdatamodeld */ = {
			isa = XCVersionGroup;
			children = (
				7C2E87881CB7032F0056FF31 /* PhotogramSwift.xcdatamodel */,
			);
			currentVersion = 7C2E87881CB7032F0056FF31 /* PhotogramSwift.xcdatamodel */;
			path = PhotogramSwift.xcdatamodeld;
			sourceTree = "<group>";
			versionGroupType = wrapper.xcdatamodel;
		};
/* End XCVersionGroup section */
	};
	rootObject = 7C2E87751CB7032F0056FF31 /* Project object */;
}
